// !$*UTF8*$!
{
	archiveVersion = 1;
	classes = {
	};
	objectVersion = 48;
	objects = {

/* Begin PBXBuildFile section */
		E0849FE2208CA2EF000C71BA /* main.swift in Sources */ = {isa = PBXBuildFile; fileRef = E0849FE1208CA2EF000C71BA /* main.swift */; };
		E0849FEE208CA34D000C71BA /* libInterfaces.a in Frameworks */ = {isa = PBXBuildFile; fileRef = E0849FF0208CA34D000C71BA /* libInterfaces.a */; };
		E0F3F64E2096742D00CB4123 /* libTransceiver.a in Frameworks */ = {isa = PBXBuildFile; fileRef = E0355F73209667E300AE8BCE /* libTransceiver.a */; };
/* End PBXBuildFile section */

/* Begin PBXCopyFilesBuildPhase section */
		E0849FDC208CA2EF000C71BA /* CopyFiles */ = {
			isa = PBXCopyFilesBuildPhase;
			buildActionMask = 2147483647;
			dstPath = /usr/share/man/man1/;
			dstSubfolderSpec = 0;
			files = (
			);
			runOnlyForDeploymentPostprocessing = 1;
		};
/* End PBXCopyFilesBuildPhase section */

/* Begin PBXFileReference section */
		E0355F73209667E300AE8BCE /* libTransceiver.a */ = {isa = PBXFileReference; explicitFileType = archive.ar; path = libTransceiver.a; sourceTree = BUILT_PRODUCTS_DIR; };
		E0849FDE208CA2EF000C71BA /* EchoServer */ = {isa = PBXFileReference; explicitFileType = "compiled.mach-o.executable"; includeInIndex = 0; path = EchoServer; sourceTree = BUILT_PRODUCTS_DIR; };
		E0849FE1208CA2EF000C71BA /* main.swift */ = {isa = PBXFileReference; lastKnownFileType = sourcecode.swift; path = main.swift; sourceTree = "<group>"; };
		E0849FF0208CA34D000C71BA /* libInterfaces.a */ = {isa = PBXFileReference; explicitFileType = archive.ar; path = libInterfaces.a; sourceTree = BUILT_PRODUCTS_DIR; };
		E0849FF1208CA34D000C71BA /* libTransciever.a */ = {isa = PBXFileReference; explicitFileType = archive.ar; path = libTransciever.a; sourceTree = BUILT_PRODUCTS_DIR; };
/* End PBXFileReference section */

/* Begin PBXFrameworksBuildPhase section */
		E0849FDB208CA2EF000C71BA /* Frameworks */ = {
			isa = PBXFrameworksBuildPhase;
			buildActionMask = 2147483647;
			files = (
				E0F3F64E2096742D00CB4123 /* libTransceiver.a in Frameworks */,
				E0849FEE208CA34D000C71BA /* libInterfaces.a in Frameworks */,
			);
			runOnlyForDeploymentPostprocessing = 0;
		};
/* End PBXFrameworksBuildPhase section */

/* Begin PBXGroup section */
		E0849FD5208CA2EF000C71BA = {
			isa = PBXGroup;
			children = (
				E0849FE0208CA2EF000C71BA /* EchoServer */,
				E0849FDF208CA2EF000C71BA /* Products */,
				E0849FED208CA34D000C71BA /* Frameworks */,
			);
			sourceTree = "<group>";
		};
		E0849FDF208CA2EF000C71BA /* Products */ = {
			isa = PBXGroup;
			children = (
				E0849FDE208CA2EF000C71BA /* EchoServer */,
			);
			name = Products;
			sourceTree = "<group>";
		};
		E0849FE0208CA2EF000C71BA /* EchoServer */ = {
			isa = PBXGroup;
			children = (
				E0849FE1208CA2EF000C71BA /* main.swift */,
			);
			path = EchoServer;
			sourceTree = "<group>";
		};
		E0849FED208CA34D000C71BA /* Frameworks */ = {
			isa = PBXGroup;
			children = (
				E0355F73209667E300AE8BCE /* libTransceiver.a */,
				E0849FF0208CA34D000C71BA /* libInterfaces.a */,
				E0849FF1208CA34D000C71BA /* libTransciever.a */,
			);
			name = Frameworks;
			sourceTree = "<group>";
		};
/* End PBXGroup section */

/* Begin PBXNativeTarget section */
		E0849FDD208CA2EF000C71BA /* EchoServer */ = {
			isa = PBXNativeTarget;
			buildConfigurationList = E0849FE5208CA2EF000C71BA /* Build configuration list for PBXNativeTarget "EchoServer" */;
			buildPhases = (
				E0849FDA208CA2EF000C71BA /* Sources */,
				E0849FDB208CA2EF000C71BA /* Frameworks */,
				E0849FDC208CA2EF000C71BA /* CopyFiles */,
			);
			buildRules = (
			);
			dependencies = (
			);
			name = EchoServer;
			productName = EchoServer;
			productReference = E0849FDE208CA2EF000C71BA /* EchoServer */;
			productType = "com.apple.product-type.tool";
		};
/* End PBXNativeTarget section */

/* Begin PBXProject section */
		E0849FD6208CA2EF000C71BA /* Project object */ = {
			isa = PBXProject;
			attributes = {
				LastSwiftUpdateCheck = 0920;
				LastUpgradeCheck = 0920;
				ORGANIZATIONNAME = "Vladimir Raisov";
				TargetAttributes = {
					E0849FDD208CA2EF000C71BA = {
						CreatedOnToolsVersion = 9.2;
						ProvisioningStyle = Automatic;
					};
				};
			};
			buildConfigurationList = E0849FD9208CA2EF000C71BA /* Build configuration list for PBXProject "EchoServer" */;
			compatibilityVersion = "Xcode 8.0";
			developmentRegion = en;
			hasScannedForEncodings = 0;
			knownRegions = (
				en,
			);
			mainGroup = E0849FD5208CA2EF000C71BA;
			productRefGroup = E0849FDF208CA2EF000C71BA /* Products */;
			projectDirPath = "";
			projectRoot = "";
			targets = (
				E0849FDD208CA2EF000C71BA /* EchoServer */,
			);
		};
/* End PBXProject section */

/* Begin PBXSourcesBuildPhase section */
		E0849FDA208CA2EF000C71BA /* Sources */ = {
			isa = PBXSourcesBuildPhase;
			buildActionMask = 2147483647;
			files = (
				E0849FE2208CA2EF000C71BA /* main.swift in Sources */,
			);
			runOnlyForDeploymentPostprocessing = 0;
		};
/* End PBXSourcesBuildPhase section */

/* Begin XCBuildConfiguration section */
		E0849FE3208CA2EF000C71BA /* Debug */ = {
			isa = XCBuildConfiguration;
			buildSettings = {
				ALWAYS_SEARCH_USER_PATHS = NO;
				CLANG_ANALYZER_NONNULL = YES;
				CLANG_ANALYZER_NUMBER_OBJECT_CONVERSION = YES_AGGRESSIVE;
				CLANG_CXX_LANGUAGE_STANDARD = "gnu++14";
				CLANG_CXX_LIBRARY = "libc++";
				CLANG_ENABLE_MODULES = YES;
				CLANG_ENABLE_OBJC_ARC = YES;
				CLANG_WARN_BLOCK_CAPTURE_AUTORELEASING = YES;
				CLANG_WARN_BOOL_CONVERSION = YES;
				CLANG_WARN_COMMA = YES;
				CLANG_WARN_CONSTANT_CONVERSION = YES;
				CLANG_WARN_DIRECT_OBJC_ISA_USAGE = YES_ERROR;
				CLANG_WARN_DOCUMENTATION_COMMENTS = YES;
				CLANG_WARN_EMPTY_BODY = YES;
				CLANG_WARN_ENUM_CONVERSION = YES;
				CLANG_WARN_INFINITE_RECURSION = YES;
				CLANG_WARN_INT_CONVERSION = YES;
				CLANG_WARN_NON_LITERAL_NULL_CONVERSION = YES;
				CLANG_WARN_OBJC_LITERAL_CONVERSION = YES;
				CLANG_WARN_OBJC_ROOT_CLASS = YES_ERROR;
				CLANG_WARN_RANGE_LOOP_ANALYSIS = YES;
				CLANG_WARN_STRICT_PROTOTYPES = YES;
				CLANG_WARN_SUSPICIOUS_MOVE = YES;
				CLANG_WARN_UNGUARDED_AVAILABILITY = YES_AGGRESSIVE;
				CLANG_WARN_UNREACHABLE_CODE = YES;
				CLANG_WARN__DUPLICATE_METHOD_MATCH = YES;
				CODE_SIGN_IDENTITY = "-";
				COPY_PHASE_STRIP = NO;
				DEBUG_INFORMATION_FORMAT = dwarf;
				ENABLE_STRICT_OBJC_MSGSEND = YES;
				ENABLE_TESTABILITY = YES;
				GCC_C_LANGUAGE_STANDARD = gnu11;
				GCC_DYNAMIC_NO_PIC = NO;
				GCC_NO_COMMON_BLOCKS = YES;
				GCC_OPTIMIZATION_LEVEL = 0;
				GCC_PREPROCESSOR_DEFINITIONS = (
					"DEBUG=1",
					"$(inherited)",
				);
				GCC_WARN_64_TO_32_BIT_CONVERSION = YES;
				GCC_WARN_ABOUT_RETURN_TYPE = YES_ERROR;
				GCC_WARN_UNDECLARED_SELECTOR = YES;
				GCC_WARN_UNINITIALIZED_AUTOS = YES_AGGRESSIVE;
				GCC_WARN_UNUSED_FUNCTION = YES;
				GCC_WARN_UNUSED_VARIABLE = YES;
				MACOSX_DEPLOYMENT_TARGET = 10.12;
				MTL_ENABLE_DEBUG_INFO = YES;
				ONLY_ACTIVE_ARCH = YES;
				SDKROOT = macosx;
				SWIFT_ACTIVE_COMPILATION_CONDITIONS = DEBUG;
				SWIFT_OPTIMIZATION_LEVEL = "-Onone";
			};
			name = Debug;
		};
		E0849FE4208CA2EF000C71BA /* Release */ = {
			isa = XCBuildConfiguration;
			buildSettings = {
				ALWAYS_SEARCH_USER_PATHS = NO;
				CLANG_ANALYZER_NONNULL = YES;
				CLANG_ANALYZER_NUMBER_OBJECT_CONVERSION = YES_AGGRESSIVE;
				CLANG_CXX_LANGUAGE_STANDARD = "gnu++14";
				CLANG_CXX_LIBRARY = "libc++";
				CLANG_ENABLE_MODULES = YES;
				CLANG_ENABLE_OBJC_ARC = YES;
				CLANG_WARN_BLOCK_CAPTURE_AUTORELEASING = YES;
				CLANG_WARN_BOOL_CONVERSION = YES;
				CLANG_WARN_COMMA = YES;
				CLANG_WARN_CONSTANT_CONVERSION = YES;
				CLANG_WARN_DIRECT_OBJC_ISA_USAGE = YES_ERROR;
				CLANG_WARN_DOCUMENTATION_COMMENTS = YES;
				CLANG_WARN_EMPTY_BODY = YES;
				CLANG_WARN_ENUM_CONVERSION = YES;
				CLANG_WARN_INFINITE_RECURSION = YES;
				CLANG_WARN_INT_CONVERSION = YES;
				CLANG_WARN_NON_LITERAL_NULL_CONVERSION = YES;
				CLANG_WARN_OBJC_LITERAL_CONVERSION = YES;
				CLANG_WARN_OBJC_ROOT_CLASS = YES_ERROR;
				CLANG_WARN_RANGE_LOOP_ANALYSIS = YES;
				CLANG_WARN_STRICT_PROTOTYPES = YES;
				CLANG_WARN_SUSPICIOUS_MOVE = YES;
				CLANG_WARN_UNGUARDED_AVAILABILITY = YES_AGGRESSIVE;
				CLANG_WARN_UNREACHABLE_CODE = YES;
				CLANG_WARN__DUPLICATE_METHOD_MATCH = YES;
				CODE_SIGN_IDENTITY = "-";
				COPY_PHASE_STRIP = NO;
				DEBUG_INFORMATION_FORMAT = "dwarf-with-dsym";
				ENABLE_NS_ASSERTIONS = NO;
				ENABLE_STRICT_OBJC_MSGSEND = YES;
				GCC_C_LANGUAGE_STANDARD = gnu11;
				GCC_NO_COMMON_BLOCKS = YES;
				GCC_WARN_64_TO_32_BIT_CONVERSION = YES;
				GCC_WARN_ABOUT_RETURN_TYPE = YES_ERROR;
				GCC_WARN_UNDECLARED_SELECTOR = YES;
				GCC_WARN_UNINITIALIZED_AUTOS = YES_AGGRESSIVE;
				GCC_WARN_UNUSED_FUNCTION = YES;
				GCC_WARN_UNUSED_VARIABLE = YES;
				MACOSX_DEPLOYMENT_TARGET = 10.12;
				MTL_ENABLE_DEBUG_INFO = NO;
				SDKROOT = macosx;
				SWIFT_OPTIMIZATION_LEVEL = "-Owholemodule";
			};
			name = Release;
		};
		E0849FE6208CA2EF000C71BA /* Debug */ = {
			isa = XCBuildConfiguration;
			buildSettings = {
				CODE_SIGN_STYLE = Automatic;
				PRODUCT_NAME = "$(TARGET_NAME)";
				SWIFT_VERSION = 4.0;
			};
			name = Debug;
		};
		E0849FE7208CA2EF000C71BA /* Release */ = {
			isa = XCBuildConfiguration;
			buildSettings = {
				CODE_SIGN_STYLE = Automatic;
				PRODUCT_NAME = "$(TARGET_NAME)";
				SWIFT_VERSION = 4.0;
			};
			name = Release;
		};
/* End XCBuildConfiguration section */

/* Begin XCConfigurationList section */
		E0849FD9208CA2EF000C71BA /* Build configuration list for PBXProject "EchoServer" */ = {
			isa = XCConfigurationList;
			buildConfigurations = (
				E0849FE3208CA2EF000C71BA /* Debug */,
				E0849FE4208CA2EF000C71BA /* Release */,
			);
			defaultConfigurationIsVisible = 0;
			defaultConfigurationName = Release;
		};
		E0849FE5208CA2EF000C71BA /* Build configuration list for PBXNativeTarget "EchoServer" */ = {
			isa = XCConfigurationList;
			buildConfigurations = (
				E0849FE6208CA2EF000C71BA /* Debug */,
				E0849FE7208CA2EF000C71BA /* Release */,
			);
			defaultConfigurationIsVisible = 0;
			defaultConfigurationName = Release;
		};
/* End XCConfigurationList section */
	};
	rootObject = E0849FD6208CA2EF000C71BA /* Project object */;
}
